
Microsoft Visual Studio Solution File, Format Version 12.00
# Visual Studio 15
VisualStudioVersion = 15.0.28010.2003
MinimumVisualStudioVersion = 10.0.40219.1
Project("{FAE04EC0-301F-11D3-BF4B-00C04F79EFBC}") = "EntityFrameworkCoreAuditSample", "EntityFrameworkCoreAuditSample\EntityFrameworkCoreAuditSample.csproj", "{F1318356-945A-42AA-98BE-5BCE1306DA9A}"
EndProject
Global
	GlobalSection(SolutionConfigurationPlatforms) = preSolution
		Debug|Any CPU = Debug|Any CPU
		Release|Any CPU = Release|Any CPU
	EndGlobalSection
	GlobalSection(ProjectConfigurationPlatforms) = postSolution
		{F1318356-945A-42AA-98BE-5BCE1306DA9A}.Debug|Any CPU.ActiveCfg = Debug|Any CPU
		{F1318356-945A-42AA-98BE-5BCE1306DA9A}.Debug|Any CPU.Build.0 = Debug|Any CPU
		{F1318356-945A-42AA-98BE-5BCE1306DA9A}.Release|Any CPU.ActiveCfg = Release|Any CPU
		{F1318356-945A-42AA-98BE-5BCE1306DA9A}.Release|Any CPU.Build.0 = Release|Any CPU
	EndGlobalSection
	GlobalSection(SolutionProperties) = preSolution
		HideSolutionNode = FALSE
	EndGlobalSection
	GlobalSection(ExtensibilityGlobals) = postSolution
		SolutionGuid = {8DD100A1-4D43-4460-847F-F3074486BA99}
	EndGlobalSection
EndGlobal
